<?xml version="1.0" encoding="utf-8"?>
<Project ToolsVersion="4.0" xmlns="http://schemas.microsoft.com/developer/msbuild/2003">
  <ItemGroup>
    <Filter Include="Source Files">
      <UniqueIdentifier>{4FC737F1-C7A5-4376-A066-2A32D752A2FF}</UniqueIdentifier>
      <Extensions>cpp;c;cc;cxx;c++;cppm;ixx;def;odl;idl;hpj;bat;asm;asmx</Extensions>
    </Filter>
    <Filter Include="Header Files">
      <UniqueIdentifier>{93995380-89BD-4b04-88EB-625FBE52EBFB}</UniqueIdentifier>
      <Extensions>h;hh;hpp;hxx;h++;hm;inl;inc;ipp;xsd</Extensions>
    </Filter>
    <Filter Include="Resource Files">
      <UniqueIdentifier>{67DA6AB6-F800-4c08-8B7A-83BB121AAD01}</UniqueIdentifier>
      <Extensions>rc;ico;cur;bmp;dlg;rc2;rct;bin;rgs;gif;jpg;jpeg;jpe;resx;tiff;tif;png;wav;mfcribbon-ms</Extensions>
    </Filter>
    <Filter Include="Header Files\Model">
      <UniqueIdentifier>{4ee298eb-c8b8-446e-9eaa-e63eb610b2b5}</UniqueIdentifier>
    </Filter>
    <Filter Include="Source Files\Model">
      <UniqueIdentifier>{4d1cd7ca-0b18-457e-8396-57461211ed79}</UniqueIdentifier>
    </Filter>
    <Filter Include="Header Files\Controller">
      <UniqueIdentifier>{8cd0f21e-52eb-47a8-bab7-55a0c6c5fe85}</UniqueIdentifier>
    </Filter>
    <Filter Include="Source Files\Controller">
      <UniqueIdentifier>{3eee3608-049c-42c5-b6cc-215b44c193b4}</UniqueIdentifier>
    </Filter>
    <Filter Include="Header Files\View">
      <UniqueIdentifier>{5c4151f0-de50-4f3c-8b29-b226e6e15c41}</UniqueIdentifier>
    </Filter>
    <Filter Include="Source Files\View">
      <UniqueIdentifier>{29057c51-db76-4300-8de3-89a54a7b8154}</UniqueIdentifier>
    </Filter>
    <Filter Include="Header Files\Model\Interface">
      <UniqueIdentifier>{8e3361ce-da33-422c-b414-fea0fa3cd612}</UniqueIdentifier>
    </Filter>
  </ItemGroup>
  <ItemGroup>
    <ClCompile Include="main.cpp">
      <Filter>Source Files</Filter>
    </ClCompile>
    <ClCompile Include="CashRegister.cpp">
      <Filter>Source Files\Model</Filter>
    </ClCompile>
    <ClCompile Include="Employee.cpp">
      <Filter>Source Files\Model</Filter>
    </ClCompile>
    <ClCompile Include="Customer.cpp">
      <Filter>Source Files\Model</Filter>
    </ClCompile>
    <ClCompile Include="Route.cpp">
      <Filter>Source Files\Model</Filter>
    </ClCompile>
    <ClCompile Include="Seat.cpp">
      <Filter>Source Files\Model</Filter>
    </ClCompile>
    <ClCompile Include="Station.cpp">
      <Filter>Source Files\Model</Filter>
    </ClCompile>
    <ClCompile Include="Ticket.cpp">
      <Filter>Source Files\Model</Filter>
    </ClCompile>
    <ClCompile Include="Train.cpp">
      <Filter>Source Files\Model</Filter>
    </ClCompile>
    <ClCompile Include="CashRegisterController.cpp">
      <Filter>Source Files\Controller</Filter>
    </ClCompile>
    <ClCompile Include="DataService.cpp">
      <Filter>Source Files\Controller</Filter>
    </ClCompile>
    <ClCompile Include="Logger.cpp">
      <Filter>Source Files\Model</Filter>
    </ClCompile>
    <ClCompile Include="ConsoleView.cpp">
      <Filter>Source Files\View</Filter>
    </ClCompile>
    <ClCompile Include="Vagon.cpp">
      <Filter>Source Files\Model</Filter>
    </ClCompile>
    <ClCompile Include="StationController.cpp">
      <Filter>Source Files\Controller</Filter>
    </ClCompile>
  </ItemGroup>
  <ItemGroup>
    <ClInclude Include="CashRegister.h">
      <Filter>Header Files\Model</Filter>
    </ClInclude>
    <ClInclude Include="Employee.h">
      <Filter>Header Files\Model</Filter>
    </ClInclude>
    <ClInclude Include="Customer.h">
      <Filter>Header Files\Model</Filter>
    </ClInclude>
    <ClInclude Include="Route.h">
      <Filter>Header Files\Model</Filter>
    </ClInclude>
    <ClInclude Include="Seat.h">
      <Filter>Header Files\Model</Filter>
    </ClInclude>
    <ClInclude Include="Station.h">
      <Filter>Header Files\Model</Filter>
    </ClInclude>
    <ClInclude Include="Ticket.h">
      <Filter>Header Files\Model</Filter>
    </ClInclude>
    <ClInclude Include="Train.h">
      <Filter>Header Files\Model</Filter>
    </ClInclude>
    <ClInclude Include="CashRegisterController.h">
      <Filter>Header Files\Controller</Filter>
    </ClInclude>
    <ClInclude Include="DataService.h">
      <Filter>Header Files\Controller</Filter>
    </ClInclude>
    <ClInclude Include="Logger.h">
      <Filter>Header Files\Model</Filter>
    </ClInclude>
    <ClInclude Include="ConsoleView.h">
      <Filter>Header Files\View</Filter>
    </ClInclude>
    <ClInclude Include="ISystemView.h">
      <Filter>Header Files\Model\Interface</Filter>
    </ClInclude>
    <ClInclude Include="Vagon.h">
      <Filter>Header Files\Model</Filter>
    </ClInclude>
    <ClInclude Include="StationController.h">
      <Filter>Header Files\Controller</Filter>
    </ClInclude>
  </ItemGroup>
  <ItemGroup>
    <None Include="ClassDiagram.cd" />
  </ItemGroup>
</Project>